
Microsoft Visual Studio Solution File, Format Version 12.00
# Visual Studio Version 16
VisualStudioVersion = 16.0.30717.126
MinimumVisualStudioVersion = 10.0.40219.1
Project("{FAE04EC0-301F-11D3-BF4B-00C04F79EFBC}") = "ZipToFolder", "ZipToFolder\ZipToFolder.csproj", "{0C39ED0F-1536-493A-9637-12B712AD5EAC}"
EndProject
Global
	GlobalSection(SolutionConfigurationPlatforms) = preSolution
		Debug|Any CPU = Debug|Any CPU
		Release|Any CPU = Release|Any CPU
	EndGlobalSection
	GlobalSection(ProjectConfigurationPlatforms) = postSolution
		{0C39ED0F-1536-493A-9637-12B712AD5EAC}.Debug|Any CPU.ActiveCfg = Debug|Any CPU
		{0C39ED0F-1536-493A-9637-12B712AD5EAC}.Debug|Any CPU.Build.0 = Debug|Any CPU
		{0C39ED0F-1536-493A-9637-12B712AD5EAC}.Release|Any CPU.ActiveCfg = Release|Any CPU
		{0C39ED0F-1536-493A-9637-12B712AD5EAC}.Release|Any CPU.Build.0 = Release|Any CPU
	EndGlobalSection
	GlobalSection(SolutionProperties) = preSolution
		HideSolutionNode = FALSE
	EndGlobalSection
	GlobalSection(ExtensibilityGlobals) = postSolution
		SolutionGuid = {CC3A2791-FA61-479C-A3C5-6ED6E8871B05}
	EndGlobalSection
EndGlobal
